
Microsoft Visual Studio Solution File, Format Version 12.00
# Visual Studio Version 16
VisualStudioVersion = 16.0.31729.503
MinimumVisualStudioVersion = 10.0.40219.1
Project("{FAE04EC0-301F-11D3-BF4B-00C04F79EFBC}") = "chess-console", "chess-console\chess-console.csproj", "{45F7C2FC-8B55-46E5-A803-EBF90BFC90A4}"
EndProject
Global
	GlobalSection(SolutionConfigurationPlatforms) = preSolution
		Debug|Any CPU = Debug|Any CPU
		Release|Any CPU = Release|Any CPU
	EndGlobalSection
	GlobalSection(ProjectConfigurationPlatforms) = postSolution
		{45F7C2FC-8B55-46E5-A803-EBF90BFC90A4}.Debug|Any CPU.ActiveCfg = Debug|Any CPU
		{45F7C2FC-8B55-46E5-A803-EBF90BFC90A4}.Debug|Any CPU.Build.0 = Debug|Any CPU
		{45F7C2FC-8B55-46E5-A803-EBF90BFC90A4}.Release|Any CPU.ActiveCfg = Release|Any CPU
		{45F7C2FC-8B55-46E5-A803-EBF90BFC90A4}.Release|Any CPU.Build.0 = Release|Any CPU
	EndGlobalSection
	GlobalSection(SolutionProperties) = preSolution
		HideSolutionNode = FALSE
	EndGlobalSection
	GlobalSection(ExtensibilityGlobals) = postSolution
		SolutionGuid = {EDE663E7-53B2-4D89-9D9D-E697EAFA6904}
	EndGlobalSection
EndGlobal
